{
  "name": "omnirank-videos",
  "lockfileVersion": 3,
  "requires": true,
  "packages": {
    "": {
      "name": "omnirank-videos",
      "dependencies": {
        "@fontsource/long-cang": "^5.3.0",
        "@fontsource/ma-shan-zheng": "^5.3.1",
        "@fontsource/noto-sans-sc": "^5.2.0",
        "@fontsource/zcool-kuaile": "^5.3.0",
        "@fontsource/zcool-qingke-huangyou": "^5.3.0",
        "@vp-tw/cjk-web-fonts-fusion-pixel-font": "0.0.1",
        "gsap": "^3.15.0",
        "playwright": "^1.58.1"
      }
    },
    "node_modules/@fontsource/long-cang": {
      "version": "5.3.0",
      "resolved": "https://registry.npmjs.org/@fontsource/long-cang/-/long-cang-5.3.0.tgz",
      "integrity": "sha512-lCcBJb+LWZpYCVtGvQRiZPy5/EaGPuYLycpJXUIOz28EYGGqhTVWBRqY6ucaW8l1F8gvfjutY1PoAPUrFiP0wg==",
      "license": "OFL-1.1",
      "funding": {
        "url": "https://github.com/sponsors/ayuhito"
      }
    },
    "node_modules/@fontsource/ma-shan-zheng": {
      "version": "5.3.1",
      "resolved": "https://registry.npmjs.org/@fontsource/ma-shan-zheng/-/ma-shan-zheng-5.3.1.tgz",
      "integrity": "sha512-cGGn7Yje2RSduXVxEk+rCfNZyD/T/7FMGj03LNPiK8TRL9Sing0tq1zJF3n+W29szPqgb2RNs5oIvmm+ikeI+Q==",
      "license": "OFL-1.1",
      "funding": {
        "url": "https://github.com/sponsors/ayuhito"
      }
    },
    "node_modules/@fontsource/noto-sans-sc": {
      "version": "5.3.0",
      "resolved": "https://registry.npmjs.org/@fontsource/noto-sans-sc/-/noto-sans-sc-5.3.0.tgz",
      "integrity": "sha512-HeqIlGm0+ohOKxZLuHj1qW6r6avHH0OWdKERAcSDI0RQ+MXrteuLKA+M+5eOA8rYy0MFvOR5AT0fQo2rUkye0Q==",
      "license": "OFL-1.1",
      "funding": {
        "url": "https://github.com/sponsors/ayuhito"
      }
    },
    "node_modules/@fontsource/zcool-kuaile": {
      "version": "5.3.0",
      "resolved": "https://registry.npmjs.org/@fontsource/zcool-kuaile/-/zcool-kuaile-5.3.0.tgz",
      "integrity": "sha512-jn4vpQ6QSVEckUn7uk5a9XcZMxEksTRqljmeE1VKRGMjGd6VoXdMyLGSdnTXSVwZLCCEHaIcm/2cdQuwvasJ9w==",
      "license": "OFL-1.1",
      "funding": {
        "url": "https://github.com/sponsors/ayuhito"
      }
    },
    "node_modules/@fontsource/zcool-qingke-huangyou": {
      "version": "5.3.0",
      "resolved": "https://registry.npmjs.org/@fontsource/zcool-qingke-huangyou/-/zcool-qingke-huangyou-5.3.0.tgz",
      "integrity": "sha512-6/ld8x/knq1NjDQxLSyg9pDnBPOmtWDb30ZTFk+n8OxfkBoUvPAxh3aV/6+UFGmA5CekJfcgpUwd2/x/weLvSQ==",
      "license": "OFL-1.1",
      "funding": {
        "url": "https://github.com/sponsors/ayuhito"
      }
    },
    "node_modules/@vp-tw/cjk-web-fonts-fusion-pixel-font": {
      "version": "0.0.1",
      "resolved": "https://registry.npmjs.org/@vp-tw/cjk-web-fonts-fusion-pixel-font/-/cjk-web-fonts-fusion-pixel-font-0.0.1.tgz",
      "integrity": "sha512-gszWH7fXiaKtxrlZJWlNR8qx5DDref3rUp/ANJPBiiKeXkA41CQBn0f8kqeucImJ2GYsWWipuu/LkEIpU4KypA==",
      "license": "MIT AND OFL-1.1"
    },
    "node_modules/gsap": {
      "version": "3.15.0",
      "resolved": "https://registry.npmjs.org/gsap/-/gsap-3.15.0.tgz",
      "integrity": "sha512-dMW4CWBTUK1AEEDeZc1g4xpPGIrSf9fJF960qbTZmN/QwZIWY5wgliS6JWl9/25fpTGJrMRtSjGtOmPnfjZB+A==",
      "license": "Standard 'no charge' license: https://gsap.com/standard-license."
    },
    "node_modules/playwright": {
      "version": "1.63.0",
      "resolved": "https://registry.npmjs.org/playwright/-/playwright-1.63.0.tgz",
      "integrity": "sha512-+7ziBLidS4NaNCdt57SUDT+wYmmd5fmiQejUic/kb+YsYSCPyOOE9sebzMjNmQrsnNpDJqd4WHvV/8lfKfUDUg==",
      "license": "Apache-2.0",
      "dependencies": {
        "playwright-core": "1.63.0"
      },
      "bin": {
        "playwright": "cli.js"
      },
      "engines": {
        "node": ">=20"
      }
    },
    "node_modules/playwright-core": {
      "version": "1.63.0",
      "resolved": "https://registry.npmjs.org/playwright-core/-/playwright-core-1.63.0.tgz",
      "integrity": "sha512-rYCsBF/M5HjUch52bbtVONEFjv6Xu8sm8h72dNlR5bzIE1fvC/bxgspzkjSfU+MweEMmPM8KJebG6nnyxo5mCg==",
      "license": "Apache-2.0",
      "bin": {
        "playwright-core": "cli.js"
      },
      "engines": {
        "node": ">=20"
      }
    }
  }
}
